<?xml version="1.0" encoding="utf-8"?>
<Project ToolsVersion="4.0" xmlns="http://schemas.microsoft.com/developer/msbuild/2003">
  <ItemGroup>
    <Filter Include="Source Files">
      <UniqueIdentifier>{4FC737F1-C7A5-4376-A066-2A32D752A2FF}</UniqueIdentifier>
      <Extensions>cpp;c;cc;cxx;def;odl;idl;hpj;bat;asm;asmx</Extensions>
    </Filter>
    <Filter Include="Header Files">
      <UniqueIdentifier>{93995380-89BD-4b04-88EB-625FBE52EBFB}</UniqueIdentifier>
      <Extensions>h;hh;hpp;hxx;hm;inl;inc;ipp;xsd</Extensions>
    </Filter>
    <Filter Include="Resource Files">
      <UniqueIdentifier>{67DA6AB6-F800-4c08-8B7A-83BB121AAD01}</UniqueIdentifier>
      <Extensions>rc;ico;cur;bmp;dlg;rc2;rct;bin;rgs;gif;jpg;jpeg;jpe;resx;tiff;tif;png;wav;mfcribbon-ms</Extensions>
    </Filter>
  </ItemGroup>
  <ItemGroup>
    <ClInclude Include="CUON.h">
      <Filter>Header Files</Filter>
    </ClInclude>
    <ClInclude Include="framework.h">
      <Filter>Header Files</Filter>
    </ClInclude>
    <ClInclude Include="targetver.h">
      <Filter>Header Files</Filter>
    </ClInclude>
    <ClInclude Include="MainFrm.h">
      <Filter>Header Files</Filter>
    </ClInclude>
    <ClInclude Include="CUONDoc.h">
      <Filter>Header Files</Filter>
    </ClInclude>
    <ClInclude Include="CUONView.h">
      <Filter>Header Files</Filter>
    </ClInclude>
    <ClInclude Include="Resource.h">
      <Filter>Header Files</Filter>
    </ClInclude>
    <ClInclude Include="pch.h">
      <Filter>Header Files</Filter>
    </ClInclude>
    <ClInclude Include="TitleCuon.h">
      <Filter>Header Files</Filter>
    </ClInclude>
    <ClInclude Include="DlgMain.h">
      <Filter>Header Files</Filter>
    </ClInclude>
    <ClInclude Include="texture.h">
      <Filter>Header Files</Filter>
    </ClInclude>
    <ClInclude Include="vsflexgrid.h">
      <Filter>Header Files</Filter>
    </ClInclude>
    <ClInclude Include="ado.h">
      <Filter>Header Files</Filter>
    </ClInclude>
    <ClInclude Include="btnenh.h">
      <Filter>Header Files</Filter>
    </ClInclude>
    <ClInclude Include="cellsmanager.h">
      <Filter>Header Files</Filter>
    </ClInclude>
    <ClInclude Include="Define.h">
      <Filter>Header Files</Filter>
    </ClInclude>
    <ClInclude Include="font.h">
      <Filter>Header Files</Filter>
    </ClInclude>
    <ClInclude Include="GemDefine.h">
      <Filter>Header Files</Filter>
    </ClInclude>
    <ClInclude Include="Global.h">
      <Filter>Header Files</Filter>
    </ClInclude>
    <ClInclude Include="Parameter.h">
      <Filter>Header Files</Filter>
    </ClInclude>
    <ClInclude Include="surfacecolor.h">
      <Filter>Header Files</Filter>
    </ClInclude>
    <ClInclude Include="textdescriptor.h">
      <Filter>Header Files</Filter>
    </ClInclude>
    <ClInclude Include="DlgGem.h">
      <Filter>Header Files</Filter>
    </ClInclude>
    <ClInclude Include="ClientSock.h">
      <Filter>Header Files</Filter>
    </ClInclude>
    <ClInclude Include="PlcThread.h">
      <Filter>Header Files</Filter>
    </ClInclude>
    <ClInclude Include="ezgem.h">
      <Filter>Header Files</Filter>
    </ClInclude>
    <ClInclude Include="DlgGemParameter.h">
      <Filter>Header Files</Filter>
    </ClInclude>
    <ClInclude Include="DlgNumberPad.h">
      <Filter>Header Files</Filter>
    </ClInclude>
    <ClInclude Include="DlgBox.h">
      <Filter>Header Files</Filter>
    </ClInclude>
    <ClInclude Include="DlgSelect.h">
      <Filter>Header Files</Filter>
    </ClInclude>
    <ClInclude Include="DlgLoadPort.h">
      <Filter>Header Files</Filter>
    </ClInclude>
    <ClInclude Include="DlgLoadPortSetting.h">
      <Filter>Header Files</Filter>
    </ClInclude>
    <ClInclude Include="mscomm.h">
      <Filter>Header Files</Filter>
    </ClInclude>
    <ClInclude Include="DlgSystemSetting.h">
      <Filter>Header Files</Filter>
    </ClInclude>
    <ClInclude Include="DlgSystemRcp.h">
      <Filter>Header Files</Filter>
    </ClInclude>
    <ClInclude Include="DlgSystemMotor.h">
      <Filter>Header Files</Filter>
    </ClInclude>
    <ClInclude Include="DlgSystemInterface.h">
      <Filter>Header Files</Filter>
    </ClInclude>
    <ClInclude Include="DlgErrorDisplay.h">
      <Filter>Header Files</Filter>
    </ClInclude>
    <ClInclude Include="Dib.h">
      <Filter>Header Files</Filter>
    </ClInclude>
    <ClInclude Include="DlgBoxWarning.h">
      <Filter>Header Files</Filter>
    </ClInclude>
    <ClInclude Include="DlgLogin.h">
      <Filter>Header Files</Filter>
    </ClInclude>
    <ClInclude Include="DlgSystemUser.h">
      <Filter>Header Files</Filter>
    </ClInclude>
    <ClInclude Include="DlgLog.h">
      <Filter>Header Files</Filter>
    </ClInclude>
  </ItemGroup>
  <ItemGroup>
    <ClCompile Include="CUON.cpp">
      <Filter>Source Files</Filter>
    </ClCompile>
    <ClCompile Include="MainFrm.cpp">
      <Filter>Source Files</Filter>
    </ClCompile>
    <ClCompile Include="CUONDoc.cpp">
      <Filter>Source Files</Filter>
    </ClCompile>
    <ClCompile Include="CUONView.cpp">
      <Filter>Source Files</Filter>
    </ClCompile>
    <ClCompile Include="pch.cpp">
      <Filter>Source Files</Filter>
    </ClCompile>
    <ClCompile Include="TitleCuon.cpp">
      <Filter>Source Files</Filter>
    </ClCompile>
    <ClCompile Include="DlgMain.cpp">
      <Filter>Source Files</Filter>
    </ClCompile>
    <ClCompile Include="surfacecolor.cpp">
      <Filter>Source Files</Filter>
    </ClCompile>
    <ClCompile Include="textdescriptor.cpp">
      <Filter>Source Files</Filter>
    </ClCompile>
    <ClCompile Include="texture.cpp">
      <Filter>Source Files</Filter>
    </ClCompile>
    <ClCompile Include="vsflexgrid.cpp">
      <Filter>Source Files</Filter>
    </ClCompile>
    <ClCompile Include="ado.cpp">
      <Filter>Source Files</Filter>
    </ClCompile>
    <ClCompile Include="btnenh.cpp">
      <Filter>Source Files</Filter>
    </ClCompile>
    <ClCompile Include="cellsmanager.cpp">
      <Filter>Source Files</Filter>
    </ClCompile>
    <ClCompile Include="font.cpp">
      <Filter>Source Files</Filter>
    </ClCompile>
    <ClCompile Include="Global.cpp">
      <Filter>Source Files</Filter>
    </ClCompile>
    <ClCompile Include="DlgGem.cpp">
      <Filter>Source Files</Filter>
    </ClCompile>
    <ClCompile Include="ClientSock.cpp">
      <Filter>Source Files</Filter>
    </ClCompile>
    <ClCompile Include="PlcThread.cpp">
      <Filter>Source Files</Filter>
    </ClCompile>
    <ClCompile Include="ezgem.cpp">
      <Filter>Source Files</Filter>
    </ClCompile>
    <ClCompile Include="DlgGemParameter.cpp">
      <Filter>Source Files</Filter>
    </ClCompile>
    <ClCompile Include="DlgNumberPad.cpp">
      <Filter>Source Files</Filter>
    </ClCompile>
    <ClCompile Include="DlgBox.cpp">
      <Filter>Source Files</Filter>
    </ClCompile>
    <ClCompile Include="DlgSelect.cpp">
      <Filter>Source Files</Filter>
    </ClCompile>
    <ClCompile Include="DlgLoadPort.cpp">
      <Filter>Source Files</Filter>
    </ClCompile>
    <ClCompile Include="DlgLoadPortSetting.cpp">
      <Filter>Source Files</Filter>
    </ClCompile>
    <ClCompile Include="mscomm.cpp">
      <Filter>Source Files</Filter>
    </ClCompile>
    <ClCompile Include="DlgSystemSetting.cpp">
      <Filter>Source Files</Filter>
    </ClCompile>
    <ClCompile Include="DlgSystemRcp.cpp">
      <Filter>Source Files</Filter>
    </ClCompile>
    <ClCompile Include="DlgSystemMotor.cpp">
      <Filter>Source Files</Filter>
    </ClCompile>
    <ClCompile Include="DlgSystemInterface.cpp">
      <Filter>Source Files</Filter>
    </ClCompile>
    <ClCompile Include="DlgErrorDisplay.cpp">
      <Filter>Source Files</Filter>
    </ClCompile>
    <ClCompile Include="Dib.cpp">
      <Filter>Source Files</Filter>
    </ClCompile>
    <ClCompile Include="DlgBoxWarning.cpp">
      <Filter>Source Files</Filter>
    </ClCompile>
    <ClCompile Include="DlgLogin.cpp">
      <Filter>Source Files</Filter>
    </ClCompile>
    <ClCompile Include="DlgSystemUser.cpp">
      <Filter>Source Files</Filter>
    </ClCompile>
    <ClCompile Include="DlgLog.cpp">
      <Filter>Source Files</Filter>
    </ClCompile>
  </ItemGroup>
  <ItemGroup>
    <ResourceCompile Include="CUON.rc">
      <Filter>Resource Files</Filter>
    </ResourceCompile>
  </ItemGroup>
  <ItemGroup>
    <None Include="res\CUON.rc2">
      <Filter>Resource Files</Filter>
    </None>
  </ItemGroup>
  <ItemGroup>
    <Image Include="res\CUONDoc.ico">
      <Filter>Resource Files</Filter>
    </Image>
    <Image Include="res\CUON.ico">
      <Filter>Resource Files</Filter>
    </Image>
    <Image Include="res\USER_LIST.ico">
      <Filter>Resource Files</Filter>
    </Image>
  </ItemGroup>
</Project>